<?xml version="1.0" encoding="UTF-8"?>
<Scheme
   version = "1.3">
   <BuildAction>
      <BuildActionEntries>
         <BuildActionEntry
            buildForRunning = "YES">
            <BuildableReference
               BuildableIdentifier = "primary"
               BlueprintIdentifier = "BFFA51481969E07E07BCB88C"
               BuildableName = "KotlinNativeDemo.app"
               BlueprintName = "KotlinNativeDemo"
               ReferencedContainer = "container:KotlinNativeDemo.xcodeproj">
            </BuildableReference>
         </BuildActionEntry>
      </BuildActionEntries>
   </BuildAction>
   <LaunchAction
      useCustomWorkingDirectory = "NO"
      buildConfiguration = "Debug"
      allowLocationSimulation = "YES">
      <BuildableProductRunnable>
         <BuildableReference
            BuildableIdentifier = "primary"
            BlueprintIdentifier = "BFFA51481969E07E07BCB88C"
            BuildableName = "KotlinNativeDemo.app"
            BlueprintName = "KotlinNativeDemo"
            ReferencedContainer = "container:KotlinNativeDemo.xcodeproj">
         </BuildableReference>
      </BuildableProductRunnable>
   </LaunchAction>
</Scheme>
