<?xml version="1.0" encoding="UTF-8"?>
<Scheme
   version = "1.3">
   <BuildAction>
      <BuildActionEntries>
         <BuildActionEntry
            buildForRunning = "YES">
            <BuildableReference
               BuildableIdentifier = "primary"
               BlueprintIdentifier = "BFFA58CC3FC59CE7385E4DFD"
               BuildableName = "KotlinNativeOC.app"
               BlueprintName = "KotlinNativeOC"
               ReferencedContainer = "container:KotlinNativeOC.xcodeproj">
            </BuildableReference>
         </BuildActionEntry>
      </BuildActionEntries>
   </BuildAction>
   <LaunchAction
      useCustomWorkingDirectory = "NO"
      buildConfiguration = "Debug"
      allowLocationSimulation = "YES">
      <BuildableProductRunnable>
         <BuildableReference
            BuildableIdentifier = "primary"
            BlueprintIdentifier = "BFFA58CC3FC59CE7385E4DFD"
            BuildableName = "KotlinNativeOC.app"
            BlueprintName = "KotlinNativeOC"
            ReferencedContainer = "container:KotlinNativeOC.xcodeproj">
         </BuildableReference>
      </BuildableProductRunnable>
   </LaunchAction>
</Scheme>
